<?xml version="1.0" encoding="utf-8"?>
<Project ToolsVersion="4.0" xmlns="http://schemas.microsoft.com/developer/msbuild/2003">
  <ItemGroup>
    <Filter Include="Source Files">
      <UniqueIdentifier>{4FC737F1-C7A5-4376-A066-2A32D752A2FF}</UniqueIdentifier>
      <Extensions>cpp;c;cc;cxx;def;odl;idl;hpj;bat;asm;asmx</Extensions>
    </Filter>
    <Filter Include="Source Files\CAN_DLL">
      <UniqueIdentifier>{2c98c812-51fa-4a00-a021-e043e6ecea8e}</UniqueIdentifier>
    </Filter>
  </ItemGroup>
  <ItemGroup>
    <ClCompile Include="CAN_Console.cpp">
      <Filter>Source Files</Filter>
    </ClCompile>
    <ClCompile Include="stdafx.cpp">
      <Filter>Source Files</Filter>
    </ClCompile>
  </ItemGroup>
  <ItemGroup>
    <ClInclude Include="stdafx.h">
      <Filter>Source Files</Filter>
    </ClInclude>
    <ClInclude Include="targetver.h">
      <Filter>Source Files</Filter>
    </ClInclude>
    <ClInclude Include="CAN_DLL\CAN_Access.h">
      <Filter>Source Files\CAN_DLL</Filter>
    </ClInclude>
  </ItemGroup>
  <ItemGroup>
    <Library Include="CAN_DLL\CAN_Access.lib">
      <Filter>Source Files\CAN_DLL</Filter>
    </Library>
  </ItemGroup>
  <ItemGroup>
    <Text Include="ReadMe.txt" />
  </ItemGroup>
  <ItemGroup>
    <CustomBuild Include="CAN_DLL\CAN_Access.dll">
      <Filter>Source Files\CAN_DLL</Filter>
    </CustomBuild>
  </ItemGroup>
</Project>